Microsoft Visual Studio Solution File, Format Version 12.00
# Visual Studio Version 17
VisualStudioVersion = 17.5.2.0
MinimumVisualStudioVersion = 10.0.40219.1
Project("{2150E333-8FDC-42A3-9474-1A3956D46DE8}") = "entry-level", "entry-level", "{D215740A-4544-9982-6CCA-CB512A50AEB4}"
EndProject
Project("{2150E333-8FDC-42A3-9474-1A3956D46DE8}") = "01-csharp-fundamentals", "01-csharp-fundamentals", "{3995D09A-5009-CF9C-8F6E-71D620C5F34F}"
EndProject
Project("{FAE04EC0-301F-11D3-BF4B-00C04F79EFBC}") = "HelloCSharp", "entry-level\01-csharp-fundamentals\HelloCSharp\HelloCSharp.csproj", "{1BAFAF2B-472B-03A6-81B0-2B79DC520308}"
EndProject
Global
	GlobalSection(SolutionConfigurationPlatforms) = preSolution
		Debug|Any CPU = Debug|Any CPU
		Release|Any CPU = Release|Any CPU
	EndGlobalSection
	GlobalSection(ProjectConfigurationPlatforms) = postSolution
		{1BAFAF2B-472B-03A6-81B0-2B79DC520308}.Debug|Any CPU.ActiveCfg = Debug|Any CPU
		{1BAFAF2B-472B-03A6-81B0-2B79DC520308}.Debug|Any CPU.Build.0 = Debug|Any CPU
		{1BAFAF2B-472B-03A6-81B0-2B79DC520308}.Release|Any CPU.ActiveCfg = Release|Any CPU
		{1BAFAF2B-472B-03A6-81B0-2B79DC520308}.Release|Any CPU.Build.0 = Release|Any CPU
	EndGlobalSection
	GlobalSection(SolutionProperties) = preSolution
		HideSolutionNode = FALSE
	EndGlobalSection
	GlobalSection(NestedProjects) = preSolution
		{3995D09A-5009-CF9C-8F6E-71D620C5F34F} = {D215740A-4544-9982-6CCA-CB512A50AEB4}
		{1BAFAF2B-472B-03A6-81B0-2B79DC520308} = {3995D09A-5009-CF9C-8F6E-71D620C5F34F}
	EndGlobalSection
	GlobalSection(ExtensibilityGlobals) = postSolution
		SolutionGuid = {1589C5C2-4DB9-4FCE-ABB9-560DD6FD85EE}
	EndGlobalSection
EndGlobal
